PODS:
  - CRMotionView (0.3)
  - EBPhotoPages (0.9.1)
  - KHFlatButton (1.0.0)
  - MBProgressHUD (0.8)
  - PaymentKit (1.0.5)
  - RNFrostedSidebar (0.2.0)

DEPENDENCIES:
  - CRMotionView
  - EBPhotoPages
  - KHFlatButton
  - MBProgressHUD
  - PaymentKit
  - RNFrostedSidebar (~> 0.2.0)

SPEC CHECKSUMS:
  CRMotionView: 772863d59bfd672e055fe300f089d8c9dd33593a
  EBPhotoPages: db87967e6be6f235b120985e0c4264fac501a90b
  KHFlatButton: dd9a4481fc6a6926c66b2ac5126e37654ff4978a
  MBProgressHUD: 2bbc6f470111daf7f3eaa4eb12b8cbf01c4c0622
  PaymentKit: 92df7c2fb4fb3b4e0c3f5fb8c8e75cc528025126
  RNFrostedSidebar: 36339438a07088fd3ee3926db03af499477ee048

COCOAPODS: 0.32.1
